
Microsoft Visual Studio Solution File, Format Version 12.00
# Visual Studio Version 17
VisualStudioVersion = 17.7.34031.279
MinimumVisualStudioVersion = 10.0.40219.1
Project("{9A19103F-16F7-4668-BE54-9A1E7A4F7556}") = "BookStore.Web", "BookStore.Web\BookStore.Web.csproj", "{BF15CE04-0867-4376-A593-AE3070853F0F}"
EndProject
Project("{9A19103F-16F7-4668-BE54-9A1E7A4F7556}") = "BookStore.Repositories", "BookStore.Repositories\BookStore.Repositories.csproj", "{F224FC55-97F3-4360-8FAF-CFCF1648DFF6}"
EndProject
Project("{9A19103F-16F7-4668-BE54-9A1E7A4F7556}") = "BookStore.ViewModels", "BookStore.ViewModels\BookStore.ViewModels.csproj", "{A2C98D23-2887-49A7-90CE-7320533BD75C}"
EndProject
Project("{9A19103F-16F7-4668-BE54-9A1E7A4F7556}") = "BookStore.Utilities", "BookStore.Utilities\BookStore.Utilities.csproj", "{AFBC2FA8-34BB-49CF-AC55-09E2F9B3DCFB}"
EndProject
Project("{9A19103F-16F7-4668-BE54-9A1E7A4F7556}") = "BookStore.Data", "BookStore.Data\BookStore.Data.csproj", "{CFDAE1F7-C9F6-42E3-9248-186AF2CB370D}"
EndProject
Global
	GlobalSection(SolutionConfigurationPlatforms) = preSolution
		Debug|Any CPU = Debug|Any CPU
		Release|Any CPU = Release|Any CPU
	EndGlobalSection
	GlobalSection(ProjectConfigurationPlatforms) = postSolution
		{BF15CE04-0867-4376-A593-AE3070853F0F}.Debug|Any CPU.ActiveCfg = Debug|Any CPU
		{BF15CE04-0867-4376-A593-AE3070853F0F}.Debug|Any CPU.Build.0 = Debug|Any CPU
		{BF15CE04-0867-4376-A593-AE3070853F0F}.Release|Any CPU.ActiveCfg = Release|Any CPU
		{BF15CE04-0867-4376-A593-AE3070853F0F}.Release|Any CPU.Build.0 = Release|Any CPU
		{F224FC55-97F3-4360-8FAF-CFCF1648DFF6}.Debug|Any CPU.ActiveCfg = Debug|Any CPU
		{F224FC55-97F3-4360-8FAF-CFCF1648DFF6}.Debug|Any CPU.Build.0 = Debug|Any CPU
		{F224FC55-97F3-4360-8FAF-CFCF1648DFF6}.Release|Any CPU.ActiveCfg = Release|Any CPU
		{F224FC55-97F3-4360-8FAF-CFCF1648DFF6}.Release|Any CPU.Build.0 = Release|Any CPU
		{A2C98D23-2887-49A7-90CE-7320533BD75C}.Debug|Any CPU.ActiveCfg = Debug|Any CPU
		{A2C98D23-2887-49A7-90CE-7320533BD75C}.Debug|Any CPU.Build.0 = Debug|Any CPU
		{A2C98D23-2887-49A7-90CE-7320533BD75C}.Release|Any CPU.ActiveCfg = Release|Any CPU
		{A2C98D23-2887-49A7-90CE-7320533BD75C}.Release|Any CPU.Build.0 = Release|Any CPU
		{AFBC2FA8-34BB-49CF-AC55-09E2F9B3DCFB}.Debug|Any CPU.ActiveCfg = Debug|Any CPU
		{AFBC2FA8-34BB-49CF-AC55-09E2F9B3DCFB}.Debug|Any CPU.Build.0 = Debug|Any CPU
		{AFBC2FA8-34BB-49CF-AC55-09E2F9B3DCFB}.Release|Any CPU.ActiveCfg = Release|Any CPU
		{AFBC2FA8-34BB-49CF-AC55-09E2F9B3DCFB}.Release|Any CPU.Build.0 = Release|Any CPU
		{CFDAE1F7-C9F6-42E3-9248-186AF2CB370D}.Debug|Any CPU.ActiveCfg = Debug|Any CPU
		{CFDAE1F7-C9F6-42E3-9248-186AF2CB370D}.Debug|Any CPU.Build.0 = Debug|Any CPU
		{CFDAE1F7-C9F6-42E3-9248-186AF2CB370D}.Release|Any CPU.ActiveCfg = Release|Any CPU
		{CFDAE1F7-C9F6-42E3-9248-186AF2CB370D}.Release|Any CPU.Build.0 = Release|Any CPU
	EndGlobalSection
	GlobalSection(SolutionProperties) = preSolution
		HideSolutionNode = FALSE
	EndGlobalSection
	GlobalSection(ExtensibilityGlobals) = postSolution
		SolutionGuid = {B97E657D-8FFD-4569-A900-CF579A229966}
	EndGlobalSection
EndGlobal
